
Microsoft Visual Studio Solution File, Format Version 12.00
# Visual Studio Version 17
VisualStudioVersion = 17.13.35931.197
MinimumVisualStudioVersion = 10.0.40219.1
Project("{FAE04EC0-301F-11D3-BF4B-00C04F79EFBC}") = "PMILUGAR2025.web", "PMILUGAR2025.web\PMILUGAR2025.web.csproj", "{B2E514A0-ADDF-4EF9-8325-CAAD715A4DA9}"
EndProject
Global
	GlobalSection(SolutionConfigurationPlatforms) = preSolution
		Debug|Any CPU = Debug|Any CPU
		Release|Any CPU = Release|Any CPU
	EndGlobalSection
	GlobalSection(ProjectConfigurationPlatforms) = postSolution
		{B2E514A0-ADDF-4EF9-8325-CAAD715A4DA9}.Debug|Any CPU.ActiveCfg = Debug|Any CPU
		{B2E514A0-ADDF-4EF9-8325-CAAD715A4DA9}.Debug|Any CPU.Build.0 = Debug|Any CPU
		{B2E514A0-ADDF-4EF9-8325-CAAD715A4DA9}.Release|Any CPU.ActiveCfg = Release|Any CPU
		{B2E514A0-ADDF-4EF9-8325-CAAD715A4DA9}.Release|Any CPU.Build.0 = Release|Any CPU
	EndGlobalSection
	GlobalSection(SolutionProperties) = preSolution
		HideSolutionNode = FALSE
	EndGlobalSection
	GlobalSection(ExtensibilityGlobals) = postSolution
		SolutionGuid = {D8E0C25F-C047-4D81-88BC-C4714AA63720}
	EndGlobalSection
EndGlobal
